
Microsoft Visual Studio Solution File, Format Version 12.00
# Visual Studio Version 16
VisualStudioVersion = 16.0.29424.173
MinimumVisualStudioVersion = 10.0.40219.1
Project("{FAE04EC0-301F-11D3-BF4B-00C04F79EFBC}") = "CSharpNotes", "CSharpNotes\CSharpNotes.csproj", "{DED358E4-0157-4532-BB8B-76BF2F43226D}"
EndProject
Global
	GlobalSection(SolutionConfigurationPlatforms) = preSolution
		Debug|Any CPU = Debug|Any CPU
		Release|Any CPU = Release|Any CPU
	EndGlobalSection
	GlobalSection(ProjectConfigurationPlatforms) = postSolution
		{DED358E4-0157-4532-BB8B-76BF2F43226D}.Debug|Any CPU.ActiveCfg = Debug|Any CPU
		{DED358E4-0157-4532-BB8B-76BF2F43226D}.Debug|Any CPU.Build.0 = Debug|Any CPU
		{DED358E4-0157-4532-BB8B-76BF2F43226D}.Release|Any CPU.ActiveCfg = Release|Any CPU
		{DED358E4-0157-4532-BB8B-76BF2F43226D}.Release|Any CPU.Build.0 = Release|Any CPU
	EndGlobalSection
	GlobalSection(SolutionProperties) = preSolution
		HideSolutionNode = FALSE
	EndGlobalSection
	GlobalSection(ExtensibilityGlobals) = postSolution
		SolutionGuid = {364E813A-5347-4390-809F-DF2BD2B1E55B}
	EndGlobalSection
EndGlobal
